
Microsoft Visual Studio Solution File, Format Version 12.00
# Visual Studio 2012
Project("{FAE04EC0-301F-11D3-BF4B-00C04F79EFBC}") = "TheSoulWebServer", "TheSoulWebServer\TheSoulWebServer.csproj", "{4FE55024-2696-4945-9CE3-BC7A7ADA1CD3}"
EndProject
Project("{FAE04EC0-301F-11D3-BF4B-00C04F79EFBC}") = "System.Net.Json", "TheSoulWebServer\System.Net.Json\System.Net.Json.csproj", "{5AEB89D9-6D00-4460-9AD8-1CCF19E19E96}"
EndProject
Project("{FAE04EC0-301F-11D3-BF4B-00C04F79EFBC}") = "mSeed.RedisManager", "mSeed.RedisManager\mSeed.RedisManager.csproj", "{A5ED0692-DC19-44F6-BA89-A29C476F05D0}"
EndProject
Project("{FAE04EC0-301F-11D3-BF4B-00C04F79EFBC}") = "mSeed.DBTxnBlock", "TxnBlock\mSeed.DBTxnBlock.csproj", "{3CDBF913-98FC-48BB-B3BD-9858212AB6C0}"
EndProject
Project("{FAE04EC0-301F-11D3-BF4B-00C04F79EFBC}") = "TheSoul.DataManager", "TheSoul.DataManager\TheSoul.DataManager.csproj", "{D03731AF-58EE-47A2-9685-FF3312321833}"
EndProject
Project("{FAE04EC0-301F-11D3-BF4B-00C04F79EFBC}") = "TheSoulGlobalWebServer", "TheSoulGlobalWebServer\TheSoulGlobalWebServer.csproj", "{26DFA240-E0A5-4C8B-A30A-C260639AC0CE}"
EndProject
Project("{FAE04EC0-301F-11D3-BF4B-00C04F79EFBC}") = "TheSoulCheatServer", "TheSoulCheatServer\TheSoulCheatServer.csproj", "{C95F2D7C-F041-4D77-85E1-95C5457F3051}"
EndProject
Project("{FAE04EC0-301F-11D3-BF4B-00C04F79EFBC}") = "TheSoulGMTool", "TheSoulGMTool\TheSoulGMTool.csproj", "{81D6712A-EE83-4416-9DE5-E5517258B0E5}"
EndProject
Project("{FAE04EC0-301F-11D3-BF4B-00C04F79EFBC}") = "OperationTool", "OperationTool\OperationTool.csproj", "{B3A6AE11-BC64-4535-A5B9-45047CCD38D6}"
EndProject
Global
	GlobalSection(SolutionConfigurationPlatforms) = preSolution
		Debug|Any CPU = Debug|Any CPU
		Release|Any CPU = Release|Any CPU
	EndGlobalSection
	GlobalSection(ProjectConfigurationPlatforms) = postSolution
		{4FE55024-2696-4945-9CE3-BC7A7ADA1CD3}.Debug|Any CPU.ActiveCfg = Debug|Any CPU
		{4FE55024-2696-4945-9CE3-BC7A7ADA1CD3}.Debug|Any CPU.Build.0 = Debug|Any CPU
		{4FE55024-2696-4945-9CE3-BC7A7ADA1CD3}.Release|Any CPU.ActiveCfg = Release|Any CPU
		{4FE55024-2696-4945-9CE3-BC7A7ADA1CD3}.Release|Any CPU.Build.0 = Release|Any CPU
		{5AEB89D9-6D00-4460-9AD8-1CCF19E19E96}.Debug|Any CPU.ActiveCfg = Debug|Any CPU
		{5AEB89D9-6D00-4460-9AD8-1CCF19E19E96}.Debug|Any CPU.Build.0 = Debug|Any CPU
		{5AEB89D9-6D00-4460-9AD8-1CCF19E19E96}.Release|Any CPU.ActiveCfg = Release|Any CPU
		{5AEB89D9-6D00-4460-9AD8-1CCF19E19E96}.Release|Any CPU.Build.0 = Release|Any CPU
		{A5ED0692-DC19-44F6-BA89-A29C476F05D0}.Debug|Any CPU.ActiveCfg = Debug|Any CPU
		{A5ED0692-DC19-44F6-BA89-A29C476F05D0}.Debug|Any CPU.Build.0 = Debug|Any CPU
		{A5ED0692-DC19-44F6-BA89-A29C476F05D0}.Release|Any CPU.ActiveCfg = Release|Any CPU
		{A5ED0692-DC19-44F6-BA89-A29C476F05D0}.Release|Any CPU.Build.0 = Release|Any CPU
		{3CDBF913-98FC-48BB-B3BD-9858212AB6C0}.Debug|Any CPU.ActiveCfg = Debug|Any CPU
		{3CDBF913-98FC-48BB-B3BD-9858212AB6C0}.Debug|Any CPU.Build.0 = Debug|Any CPU
		{3CDBF913-98FC-48BB-B3BD-9858212AB6C0}.Release|Any CPU.ActiveCfg = Release|Any CPU
		{3CDBF913-98FC-48BB-B3BD-9858212AB6C0}.Release|Any CPU.Build.0 = Release|Any CPU
		{D03731AF-58EE-47A2-9685-FF3312321833}.Debug|Any CPU.ActiveCfg = Debug|Any CPU
		{D03731AF-58EE-47A2-9685-FF3312321833}.Debug|Any CPU.Build.0 = Debug|Any CPU
		{D03731AF-58EE-47A2-9685-FF3312321833}.Release|Any CPU.ActiveCfg = Release|Any CPU
		{D03731AF-58EE-47A2-9685-FF3312321833}.Release|Any CPU.Build.0 = Release|Any CPU
		{26DFA240-E0A5-4C8B-A30A-C260639AC0CE}.Debug|Any CPU.ActiveCfg = Debug|Any CPU
		{26DFA240-E0A5-4C8B-A30A-C260639AC0CE}.Debug|Any CPU.Build.0 = Debug|Any CPU
		{26DFA240-E0A5-4C8B-A30A-C260639AC0CE}.Release|Any CPU.ActiveCfg = Release|Any CPU
		{26DFA240-E0A5-4C8B-A30A-C260639AC0CE}.Release|Any CPU.Build.0 = Release|Any CPU
		{C95F2D7C-F041-4D77-85E1-95C5457F3051}.Debug|Any CPU.ActiveCfg = Debug|Any CPU
		{C95F2D7C-F041-4D77-85E1-95C5457F3051}.Debug|Any CPU.Build.0 = Debug|Any CPU
		{C95F2D7C-F041-4D77-85E1-95C5457F3051}.Release|Any CPU.ActiveCfg = Release|Any CPU
		{C95F2D7C-F041-4D77-85E1-95C5457F3051}.Release|Any CPU.Build.0 = Release|Any CPU
		{81D6712A-EE83-4416-9DE5-E5517258B0E5}.Debug|Any CPU.ActiveCfg = Debug|Any CPU
		{81D6712A-EE83-4416-9DE5-E5517258B0E5}.Debug|Any CPU.Build.0 = Debug|Any CPU
		{81D6712A-EE83-4416-9DE5-E5517258B0E5}.Release|Any CPU.ActiveCfg = Release|Any CPU
		{81D6712A-EE83-4416-9DE5-E5517258B0E5}.Release|Any CPU.Build.0 = Release|Any CPU
		{B3A6AE11-BC64-4535-A5B9-45047CCD38D6}.Debug|Any CPU.ActiveCfg = Debug|Any CPU
		{B3A6AE11-BC64-4535-A5B9-45047CCD38D6}.Debug|Any CPU.Build.0 = Debug|Any CPU
		{B3A6AE11-BC64-4535-A5B9-45047CCD38D6}.Release|Any CPU.ActiveCfg = Release|Any CPU
		{B3A6AE11-BC64-4535-A5B9-45047CCD38D6}.Release|Any CPU.Build.0 = Release|Any CPU
	EndGlobalSection
	GlobalSection(SolutionProperties) = preSolution
		HideSolutionNode = FALSE
	EndGlobalSection
EndGlobal
